
Microsoft Visual Studio Solution File, Format Version 11.00
# Visual Studio 2010
Project("{F184B08F-C81C-45F6-A57F-5ABD9991F28F}") = "Excercise 1", "Excercise 1\Excercise 1.vbproj", "{ECAFAA61-EAE2-4F38-9EB8-35D07961C272}"
EndProject
Global
	GlobalSection(SolutionConfigurationPlatforms) = preSolution
		Debug|x86 = Debug|x86
		Release|x86 = Release|x86
	EndGlobalSection
	GlobalSection(ProjectConfigurationPlatforms) = postSolution
		{ECAFAA61-EAE2-4F38-9EB8-35D07961C272}.Debug|x86.ActiveCfg = Debug|x86
		{ECAFAA61-EAE2-4F38-9EB8-35D07961C272}.Debug|x86.Build.0 = Debug|x86
		{ECAFAA61-EAE2-4F38-9EB8-35D07961C272}.Release|x86.ActiveCfg = Release|x86
		{ECAFAA61-EAE2-4F38-9EB8-35D07961C272}.Release|x86.Build.0 = Release|x86
	EndGlobalSection
	GlobalSection(SolutionProperties) = preSolution
		HideSolutionNode = FALSE
	EndGlobalSection
EndGlobal
